
Microsoft Visual Studio Solution File, Format Version 12.00
# Visual Studio Version 17
VisualStudioVersion = 17.5.33414.496
MinimumVisualStudioVersion = 10.0.40219.1
Project("{FAE04EC0-301F-11D3-BF4B-00C04F79EFBC}") = "E&AClothingAPI", "E&AClothingAPI\E&AClothingAPI.csproj", "{587B22D8-496F-4B75-B196-56BE5F18CECE}"
EndProject
Global
	GlobalSection(SolutionConfigurationPlatforms) = preSolution
		Debug|Any CPU = Debug|Any CPU
		Release|Any CPU = Release|Any CPU
	EndGlobalSection
	GlobalSection(ProjectConfigurationPlatforms) = postSolution
		{587B22D8-496F-4B75-B196-56BE5F18CECE}.Debug|Any CPU.ActiveCfg = Debug|Any CPU
		{587B22D8-496F-4B75-B196-56BE5F18CECE}.Debug|Any CPU.Build.0 = Debug|Any CPU
		{587B22D8-496F-4B75-B196-56BE5F18CECE}.Release|Any CPU.ActiveCfg = Release|Any CPU
		{587B22D8-496F-4B75-B196-56BE5F18CECE}.Release|Any CPU.Build.0 = Release|Any CPU
	EndGlobalSection
	GlobalSection(SolutionProperties) = preSolution
		HideSolutionNode = FALSE
	EndGlobalSection
	GlobalSection(ExtensibilityGlobals) = postSolution
		SolutionGuid = {EE0B6535-3B7B-4B2C-98ED-589D6BE73EC9}
	EndGlobalSection
EndGlobal
